
Microsoft Visual Studio Solution File, Format Version 12.00
# Visual Studio Version 16
VisualStudioVersion = 16.0.30804.86
MinimumVisualStudioVersion = 10.0.40219.1
Project("{FAE04EC0-301F-11D3-BF4B-00C04F79EFBC}") = "WeLoveSpam!", "WeLoveSpam!\WeLoveSpam!.csproj", "{A791A2D7-ACBE-4067-90E3-32E3FADD8EA2}"
EndProject
Global
	GlobalSection(SolutionConfigurationPlatforms) = preSolution
		Debug|Any CPU = Debug|Any CPU
		Release|Any CPU = Release|Any CPU
	EndGlobalSection
	GlobalSection(ProjectConfigurationPlatforms) = postSolution
		{A791A2D7-ACBE-4067-90E3-32E3FADD8EA2}.Debug|Any CPU.ActiveCfg = Debug|Any CPU
		{A791A2D7-ACBE-4067-90E3-32E3FADD8EA2}.Debug|Any CPU.Build.0 = Debug|Any CPU
		{A791A2D7-ACBE-4067-90E3-32E3FADD8EA2}.Release|Any CPU.ActiveCfg = Release|Any CPU
		{A791A2D7-ACBE-4067-90E3-32E3FADD8EA2}.Release|Any CPU.Build.0 = Release|Any CPU
	EndGlobalSection
	GlobalSection(SolutionProperties) = preSolution
		HideSolutionNode = FALSE
	EndGlobalSection
	GlobalSection(ExtensibilityGlobals) = postSolution
		SolutionGuid = {14D25C82-A657-433C-AA19-A473F8024908}
	EndGlobalSection
EndGlobal
